{
    "_meta": {
        "hash": {
            "sha256": "ce0a218f77b101309db7a840786053e8f6bec2303016f0082bceaa668e2ddef9"
        },
        "pipfile-spec": 6,
        "requires": {
            "python_version": "3.6"
        },
        "sources": [
            {
                "name": "pypi",
                "url": "https://pypi.org/simple",
                "verify_ssl": true
            }
        ]
    },
    "default": {
        "cython": {
            "hashes": [
                "sha256:07efba7b32c082c519b75e3b03821c2f32848e2b3e9986c784bbd8ffaf0666d7",
                "sha256:08db41daf18fabf7b7a85e39aa26954f6246994540043194af026c0df65a4942",
                "sha256:19bbe3caf885a1d2e2c30eacc10d1e45dbbefb156493fe1d5d1adc1668cc1269",
                "sha256:1c574f2f2ba760b82b2bcf6262e77e75589247dc5ef796a3ff1b2213e50ee452",
                "sha256:1dfe672c686e34598bdbaa93c3b30acb3720ae9258232a4f68ba04ee9969063d",
                "sha256:283faea84e6c4e54c3f5c8ff89aa2b6c1c3a813aad4f6d48ed3b9cc9043ef9f9",
                "sha256:2a145888d0942e7c36e86a7b7c7e2923cb9f7055805a3b72dcb137e3efdb0979",
                "sha256:3f75065936e16569d6e13dfd76de988f5eabeae460aa54770c9b961ab6f747fc",
                "sha256:4d78124f5f281f1d5d5b7919cbbc65a7073ff93562def81ee78a8307e6e72494",
                "sha256:5ba4d088b8e5d59b8a5911ca9c72952acf3c83296b57daf75af92fb2af1e8423",
                "sha256:6b19daeda1d5d1dfc973b291246f6a63a663b20c33980724d6d073c562719536",
                "sha256:790c7dc80fd1c3e38acefe06027e2f5a8466c128c7e47c6e140fd5316132574d",
                "sha256:7f8c4e648881454ba3ba0bcf3b21a9e1878a67d20ea2b8d9ec1c4c628592ab6b",
                "sha256:8bcd3f597290f9902548d6355898d7e376e7f3762f89db9cd50b2b58429df9e8",
                "sha256:8ffb18f71972a5c718a8600d9f52e3507f0d6fb72a978e03270d34a7035c98fb",
                "sha256:92f025df1cb391e09f65775598c7dfb7efad72d74713775db54e267f62ca94a1",
                "sha256:93cf1c72472a2fd0ef4c52f6074dab08fc28d475b9c824ba73a52701f7a48ae1",
                "sha256:9a7fa692cdc967fdbf6a053c1975137d01f6935dede2ef222c71840b290caf79",
                "sha256:a68eb0c1375f2401de881692b30370a51e550052b8e346b2f71bbdbdc74a214f",
                "sha256:ac3b7a12ddd52ea910ee3a041e6bc65df7a52f0ba7bd10fb7123502af482c152",
                "sha256:b402b700edaf571a0bae18ec35d5b71c266873a6616412b672435c10b6d8f041",
                "sha256:c29d069a4a30f472482343c866f7486731ad638ef9af92bfe5fca9c7323d638e",
                "sha256:d822311498f185db449b687336b4e5db7638c8d8b03bdf10ae91d74e23c7cc0c",
                "sha256:dccc8df9e1ac158b06777bbaaeb4516f245f9b147701ae25e6023960e4a0c2a3",
                "sha256:e31f4b946c2765b2f35440fdb4b00c496dfc5babc53c7ae61966b41171d1d59f",
                "sha256:eb43f9e582cc221ee2832e25ea6fe5c06f2acc9da6353c562e922f107db12af8",
                "sha256:f07822248110fd6213db8bc2745fdbbccef6f2b3d18ac91a7fba29c6bc575da5",
                "sha256:ff69854f123b959d4ae14bd5330714bb9ee4360052992dc0fbd0a3dee4261f95"
            ],
            "index": "pypi",
            "version": "==0.29.13"
        },
        "numpy": {
            "hashes": [
                "sha256:05dbfe72684cc14b92568de1bc1f41e5f62b00f714afc9adee42f6311738091f",
                "sha256:0d82cb7271a577529d07bbb05cb58675f2deb09772175fab96dc8de025d8ac05",
                "sha256:10132aa1fef99adc85a905d82e8497a580f83739837d7cbd234649f2e9b9dc58",
                "sha256:12322df2e21f033a60c80319c25011194cd2a21294cc66fee0908aeae2c27832",
                "sha256:16f19b3aa775dddc9814e02a46b8e6ae6a54ed8cf143962b4e53f0471dbd7b16",
                "sha256:3d0b0989dd2d066db006158de7220802899a1e5c8cf622abe2d0bd158fd01c2c",
                "sha256:438a3f0e7b681642898fd7993d38e2bf140a2d1eafaf3e89bb626db7f50db355",
                "sha256:5fd214f482ab53f2cea57414c5fb3e58895b17df6e6f5bca5be6a0bb6aea23bb",
                "sha256:73615d3edc84dd7c4aeb212fa3748fb83217e00d201875a47327f55363cef2df",
                "sha256:7bd355ad7496f4ce1d235e9814ec81ee3d28308d591c067ce92e49f745ba2c2f",
                "sha256:7d077f2976b8f3de08a0dcf5d72083f4af5411e8fddacd662aae27baa2601196",
                "sha256:a4092682778dc48093e8bda8d26ee8360153e2047826f95a3f5eae09f0ae3abf",
                "sha256:b458de8624c9f6034af492372eb2fee41a8e605f03f4732f43fc099e227858b2",
                "sha256:e70fc8ff03a961f13363c2c95ef8285e0cf6a720f8271836f852cc0fa64e97c8",
                "sha256:ee8e9d7cad5fe6dde50ede0d2e978d81eafeaa6233fb0b8719f60214cf226578",
                "sha256:f4a4f6aba148858a5a5d546a99280f71f5ee6ec8182a7d195af1a914195b21a2"
            ],
            "index": "pypi",
            "version": "==1.17.2"
        }
    },
    "develop": {}
}
